// !$*UTF8*$!
{
	archiveVersion = 1;
	classes = {
	};
	objectVersion = 56;
	objects = {

/* Begin PBXBuildFile section */
		C74052512D6AE2930051E229 /* WordlyApp.swift in Sources */ = {isa = PBXBuildFile; fileRef = C74052502D6AE2930051E229 /* WordlyApp.swift */; };
		C74052532D6AE2930051E229 /* ContentView.swift in Sources */ = {isa = PBXBuildFile; fileRef = C74052522D6AE2930051E229 /* ContentView.swift */; };
		C74052552D6AE2940051E229 /* Assets.xcassets in Resources */ = {isa = PBXBuildFile; fileRef = C74052542D6AE2940051E229 /* Assets.xcassets */; };
		C74052582D6AE2940051E229 /* Preview Assets.xcassets in Resources */ = {isa = PBXBuildFile; fileRef = C74052572D6AE2940051E229 /* Preview Assets.xcassets */; };
		C74052622D6AE5C00051E229 /* ExplorerView.swift in Sources */ = {isa = PBXBuildFile; fileRef = C74052612D6AE5C00051E229 /* ExplorerView.swift */; };
		C74052662D6AE7770051E229 /* Word.swift in Sources */ = {isa = PBXBuildFile; fileRef = C74052652D6AE7770051E229 /* Word.swift */; };
		C74052682D6AE7A50051E229 /* PreviewData.swift in Sources */ = {isa = PBXBuildFile; fileRef = C74052672D6AE7A50051E229 /* PreviewData.swift */; };
		C74052722D6B07160051E229 /* ExplorerViewModel.swift in Sources */ = {isa = PBXBuildFile; fileRef = C74052712D6B07160051E229 /* ExplorerViewModel.swift */; };
		C74052752D6B08640051E229 /* Factory in Frameworks */ = {isa = PBXBuildFile; productRef = C74052742D6B08640051E229 /* Factory */; };
		C74052772D6B0A050051E229 /* View.swift in Sources */ = {isa = PBXBuildFile; fileRef = C74052762D6B0A050051E229 /* View.swift */; };
		C74052792D6B15610051E229 /* WordDetailsView.swift in Sources */ = {isa = PBXBuildFile; fileRef = C74052782D6B15610051E229 /* WordDetailsView.swift */; };
		C740527B2D6B20F50051E229 /* MeaningsView.swift in Sources */ = {isa = PBXBuildFile; fileRef = C740527A2D6B20F50051E229 /* MeaningsView.swift */; };
		C740527D2D6B21FF0051E229 /* PhoneticRowView.swift in Sources */ = {isa = PBXBuildFile; fileRef = C740527C2D6B21FF0051E229 /* PhoneticRowView.swift */; };
		C74E5B0F2D6C523E002C01A2 /* DiscoverView.swift in Sources */ = {isa = PBXBuildFile; fileRef = C74E5B0E2D6C523E002C01A2 /* DiscoverView.swift */; };
		C74E5B112D6C5501002C01A2 /* DiscoverViewModel.swift in Sources */ = {isa = PBXBuildFile; fileRef = C74E5B102D6C5501002C01A2 /* DiscoverViewModel.swift */; };
		C78286622D6B437C00E17F5D /* words.json in Resources */ = {isa = PBXBuildFile; fileRef = C78286612D6B437C00E17F5D /* words.json */; };
		C7B24F242D6BF08D00649242 /* WordRowView.swift in Sources */ = {isa = PBXBuildFile; fileRef = C7B24F232D6BF08D00649242 /* WordRowView.swift */; };
		C7B24F272D6BF43A00649242 /* SectionContainer.swift in Sources */ = {isa = PBXBuildFile; fileRef = C7B24F262D6BF43A00649242 /* SectionContainer.swift */; };
		C7B24F292D6BF95200649242 /* ExampleRowView.swift in Sources */ = {isa = PBXBuildFile; fileRef = C7B24F282D6BF95200649242 /* ExampleRowView.swift */; };
		C7B24F2B2D6BFBCE00649242 /* ExamplesView.swift in Sources */ = {isa = PBXBuildFile; fileRef = C7B24F2A2D6BFBCE00649242 /* ExamplesView.swift */; };
		C7B24F2F2D6C025800649242 /* WordDataService.swift in Sources */ = {isa = PBXBuildFile; fileRef = C7B24F2E2D6C025800649242 /* WordDataService.swift */; };
		C7B24F322D6C03AF00649242 /* AsyncAlgorithms in Frameworks */ = {isa = PBXBuildFile; productRef = C7B24F312D6C03AF00649242 /* AsyncAlgorithms */; };
		C7E53EB12D6C3ED900451DA7 /* SoundManager.swift in Sources */ = {isa = PBXBuildFile; fileRef = C7E53EB02D6C3ED900451DA7 /* SoundManager.swift */; };
		C7E53EB32D6C49C300451DA7 /* MainTabView.swift in Sources */ = {isa = PBXBuildFile; fileRef = C7E53EB22D6C49C300451DA7 /* MainTabView.swift */; };
/* End PBXBuildFile section */

/* Begin PBXFileReference section */
		C740524D2D6AE2930051E229 /* Wordly.app */ = {isa = PBXFileReference; explicitFileType = wrapper.application; includeInIndex = 0; path = Wordly.app; sourceTree = BUILT_PRODUCTS_DIR; };
		C74052502D6AE2930051E229 /* WordlyApp.swift */ = {isa = PBXFileReference; lastKnownFileType = sourcecode.swift; path = WordlyApp.swift; sourceTree = "<group>"; };
		C74052522D6AE2930051E229 /* ContentView.swift */ = {isa = PBXFileReference; lastKnownFileType = sourcecode.swift; path = ContentView.swift; sourceTree = "<group>"; };
		C74052542D6AE2940051E229 /* Assets.xcassets */ = {isa = PBXFileReference; lastKnownFileType = folder.assetcatalog; path = Assets.xcassets; sourceTree = "<group>"; };
		C74052572D6AE2940051E229 /* Preview Assets.xcassets */ = {isa = PBXFileReference; lastKnownFileType = folder.assetcatalog; path = "Preview Assets.xcassets"; sourceTree = "<group>"; };
		C74052612D6AE5C00051E229 /* ExplorerView.swift */ = {isa = PBXFileReference; lastKnownFileType = sourcecode.swift; path = ExplorerView.swift; sourceTree = "<group>"; };
		C74052652D6AE7770051E229 /* Word.swift */ = {isa = PBXFileReference; lastKnownFileType = sourcecode.swift; path = Word.swift; sourceTree = "<group>"; };
		C74052672D6AE7A50051E229 /* PreviewData.swift */ = {isa = PBXFileReference; lastKnownFileType = sourcecode.swift; path = PreviewData.swift; sourceTree = "<group>"; };
		C74052712D6B07160051E229 /* ExplorerViewModel.swift */ = {isa = PBXFileReference; lastKnownFileType = sourcecode.swift; path = ExplorerViewModel.swift; sourceTree = "<group>"; };
		C74052762D6B0A050051E229 /* View.swift */ = {isa = PBXFileReference; lastKnownFileType = sourcecode.swift; path = View.swift; sourceTree = "<group>"; };
		C74052782D6B15610051E229 /* WordDetailsView.swift */ = {isa = PBXFileReference; lastKnownFileType = sourcecode.swift; path = WordDetailsView.swift; sourceTree = "<group>"; };
		C740527A2D6B20F50051E229 /* MeaningsView.swift */ = {isa = PBXFileReference; lastKnownFileType = sourcecode.swift; path = MeaningsView.swift; sourceTree = "<group>"; };
		C740527C2D6B21FF0051E229 /* PhoneticRowView.swift */ = {isa = PBXFileReference; lastKnownFileType = sourcecode.swift; path = PhoneticRowView.swift; sourceTree = "<group>"; };
		C74E5B0E2D6C523E002C01A2 /* DiscoverView.swift */ = {isa = PBXFileReference; lastKnownFileType = sourcecode.swift; path = DiscoverView.swift; sourceTree = "<group>"; };
		C74E5B102D6C5501002C01A2 /* DiscoverViewModel.swift */ = {isa = PBXFileReference; lastKnownFileType = sourcecode.swift; path = DiscoverViewModel.swift; sourceTree = "<group>"; };
		C78286612D6B437C00E17F5D /* words.json */ = {isa = PBXFileReference; fileEncoding = 4; lastKnownFileType = text.json; path = words.json; sourceTree = "<group>"; };
		C7B24F232D6BF08D00649242 /* WordRowView.swift */ = {isa = PBXFileReference; lastKnownFileType = sourcecode.swift; path = WordRowView.swift; sourceTree = "<group>"; };
		C7B24F262D6BF43A00649242 /* SectionContainer.swift */ = {isa = PBXFileReference; lastKnownFileType = sourcecode.swift; path = SectionContainer.swift; sourceTree = "<group>"; };
		C7B24F282D6BF95200649242 /* ExampleRowView.swift */ = {isa = PBXFileReference; lastKnownFileType = sourcecode.swift; path = ExampleRowView.swift; sourceTree = "<group>"; };
		C7B24F2A2D6BFBCE00649242 /* ExamplesView.swift */ = {isa = PBXFileReference; lastKnownFileType = sourcecode.swift; path = ExamplesView.swift; sourceTree = "<group>"; };
		C7B24F2E2D6C025800649242 /* WordDataService.swift */ = {isa = PBXFileReference; lastKnownFileType = sourcecode.swift; path = WordDataService.swift; sourceTree = "<group>"; };
		C7E53EB02D6C3ED900451DA7 /* SoundManager.swift */ = {isa = PBXFileReference; lastKnownFileType = sourcecode.swift; path = SoundManager.swift; sourceTree = "<group>"; };
		C7E53EB22D6C49C300451DA7 /* MainTabView.swift */ = {isa = PBXFileReference; lastKnownFileType = sourcecode.swift; path = MainTabView.swift; sourceTree = "<group>"; };
/* End PBXFileReference section */

/* Begin PBXFrameworksBuildPhase section */
		C740524A2D6AE2930051E229 /* Frameworks */ = {
			isa = PBXFrameworksBuildPhase;
			buildActionMask = 2147483647;
			files = (
				C74052752D6B08640051E229 /* Factory in Frameworks */,
				C7B24F322D6C03AF00649242 /* AsyncAlgorithms in Frameworks */,
			);
			runOnlyForDeploymentPostprocessing = 0;
		};
/* End PBXFrameworksBuildPhase section */

/* Begin PBXGroup section */
		C74052442D6AE2930051E229 = {
			isa = PBXGroup;
			children = (
				C740524F2D6AE2930051E229 /* Wordly */,
				C740524E2D6AE2930051E229 /* Products */,
			);
			sourceTree = "<group>";
		};
		C740524E2D6AE2930051E229 /* Products */ = {
			isa = PBXGroup;
			children = (
				C740524D2D6AE2930051E229 /* Wordly.app */,
			);
			name = Products;
			sourceTree = "<group>";
		};
		C740524F2D6AE2930051E229 /* Wordly */ = {
			isa = PBXGroup;
			children = (
				C7B24F202D6BEAF400649242 /* Core */,
				C7B24F1F2D6BEADD00649242 /* Features */,
				C74052502D6AE2930051E229 /* WordlyApp.swift */,
				C74052542D6AE2940051E229 /* Assets.xcassets */,
				C74052562D6AE2940051E229 /* Preview Content */,
			);
			path = Wordly;
			sourceTree = "<group>";
		};
		C74052562D6AE2940051E229 /* Preview Content */ = {
			isa = PBXGroup;
			children = (
				C74052572D6AE2940051E229 /* Preview Assets.xcassets */,
				C74052672D6AE7A50051E229 /* PreviewData.swift */,
				C78286612D6B437C00E17F5D /* words.json */,
			);
			path = "Preview Content";
			sourceTree = "<group>";
		};
		C740525E2D6AE5900051E229 /* View */ = {
			isa = PBXGroup;
			children = (
				C7B24F2A2D6BFBCE00649242 /* ExamplesView.swift */,
				C74052612D6AE5C00051E229 /* ExplorerView.swift */,
				C740527A2D6B20F50051E229 /* MeaningsView.swift */,
				C74052782D6B15610051E229 /* WordDetailsView.swift */,
			);
			path = View;
			sourceTree = "<group>";
		};
		C740525F2D6AE59B0051E229 /* Model */ = {
			isa = PBXGroup;
			children = (
				C74052652D6AE7770051E229 /* Word.swift */,
			);
			path = Model;
			sourceTree = "<group>";
		};
		C74052602D6AE5A30051E229 /* ViewModel */ = {
			isa = PBXGroup;
			children = (
				C74052712D6B07160051E229 /* ExplorerViewModel.swift */,
			);
			path = ViewModel;
			sourceTree = "<group>";
		};
		C740527E2D6B2AE50051E229 /* Services */ = {
			isa = PBXGroup;
			children = (
				C7E53EB02D6C3ED900451DA7 /* SoundManager.swift */,
			);
			path = Services;
			sourceTree = "<group>";
		};
		C74E5B0D2D6C5228002C01A2 /* Discover */ = {
			isa = PBXGroup;
			children = (
				C74E5B0E2D6C523E002C01A2 /* DiscoverView.swift */,
				C74E5B102D6C5501002C01A2 /* DiscoverViewModel.swift */,
			);
			path = Discover;
			sourceTree = "<group>";
		};
		C7B24F1F2D6BEADD00649242 /* Features */ = {
			isa = PBXGroup;
			children = (
				C74E5B0D2D6C5228002C01A2 /* Discover */,
				C7B24F212D6BEB0600649242 /* Explore */,
				C7B24F2C2D6C017D00649242 /* Root */,
			);
			path = Features;
			sourceTree = "<group>";
		};
		C7B24F202D6BEAF400649242 /* Core */ = {
			isa = PBXGroup;
			children = (
				C7B24F252D6BF41600649242 /* Components */,
				C7B24F222D6BECB100649242 /* Extensions */,
				C740527E2D6B2AE50051E229 /* Services */,
			);
			path = Core;
			sourceTree = "<group>";
		};
		C7B24F212D6BEB0600649242 /* Explore */ = {
			isa = PBXGroup;
			children = (
				C740525F2D6AE59B0051E229 /* Model */,
				C740525E2D6AE5900051E229 /* View */,
				C74052602D6AE5A30051E229 /* ViewModel */,
				C7B24F2D2D6C01C500649242 /* Service */,
			);
			path = Explore;
			sourceTree = "<group>";
		};
		C7B24F222D6BECB100649242 /* Extensions */ = {
			isa = PBXGroup;
			children = (
				C74052762D6B0A050051E229 /* View.swift */,
			);
			path = Extensions;
			sourceTree = "<group>";
		};
		C7B24F252D6BF41600649242 /* Components */ = {
			isa = PBXGroup;
			children = (
				C740527C2D6B21FF0051E229 /* PhoneticRowView.swift */,
				C7B24F262D6BF43A00649242 /* SectionContainer.swift */,
				C7B24F232D6BF08D00649242 /* WordRowView.swift */,
				C7B24F282D6BF95200649242 /* ExampleRowView.swift */,
			);
			path = Components;
			sourceTree = "<group>";
		};
		C7B24F2C2D6C017D00649242 /* Root */ = {
			isa = PBXGroup;
			children = (
				C74052522D6AE2930051E229 /* ContentView.swift */,
				C7E53EB22D6C49C300451DA7 /* MainTabView.swift */,
			);
			path = Root;
			sourceTree = "<group>";
		};
		C7B24F2D2D6C01C500649242 /* Service */ = {
			isa = PBXGroup;
			children = (
				C7B24F2E2D6C025800649242 /* WordDataService.swift */,
			);
			path = Service;
			sourceTree = "<group>";
		};
/* End PBXGroup section */

/* Begin PBXNativeTarget section */
		C740524C2D6AE2930051E229 /* Wordly */ = {
			isa = PBXNativeTarget;
			buildConfigurationList = C740525B2D6AE2940051E229 /* Build configuration list for PBXNativeTarget "Wordly" */;
			buildPhases = (
				C74052492D6AE2930051E229 /* Sources */,
				C740524A2D6AE2930051E229 /* Frameworks */,
				C740524B2D6AE2930051E229 /* Resources */,
			);
			buildRules = (
			);
			dependencies = (
			);
			name = Wordly;
			packageProductDependencies = (
				C74052742D6B08640051E229 /* Factory */,
				C7B24F312D6C03AF00649242 /* AsyncAlgorithms */,
			);
			productName = Wordly;
			productReference = C740524D2D6AE2930051E229 /* Wordly.app */;
			productType = "com.apple.product-type.application";
		};
/* End PBXNativeTarget section */

/* Begin PBXProject section */
		C74052452D6AE2930051E229 /* Project object */ = {
			isa = PBXProject;
			attributes = {
				BuildIndependentTargetsInParallel = 1;
				LastSwiftUpdateCheck = 1520;
				LastUpgradeCheck = 1520;
				TargetAttributes = {
					C740524C2D6AE2930051E229 = {
						CreatedOnToolsVersion = 15.2;
					};
				};
			};
			buildConfigurationList = C74052482D6AE2930051E229 /* Build configuration list for PBXProject "Wordly" */;
			compatibilityVersion = "Xcode 14.0";
			developmentRegion = en;
			hasScannedForEncodings = 0;
			knownRegions = (
				en,
				Base,
			);
			mainGroup = C74052442D6AE2930051E229;
			packageReferences = (
				C74052732D6B08640051E229 /* XCRemoteSwiftPackageReference "Factory" */,
				C7B24F302D6C03AF00649242 /* XCRemoteSwiftPackageReference "swift-async-algorithms" */,
			);
			productRefGroup = C740524E2D6AE2930051E229 /* Products */;
			projectDirPath = "";
			projectRoot = "";
			targets = (
				C740524C2D6AE2930051E229 /* Wordly */,
			);
		};
/* End PBXProject section */

/* Begin PBXResourcesBuildPhase section */
		C740524B2D6AE2930051E229 /* Resources */ = {
			isa = PBXResourcesBuildPhase;
			buildActionMask = 2147483647;
			files = (
				C78286622D6B437C00E17F5D /* words.json in Resources */,
				C74052582D6AE2940051E229 /* Preview Assets.xcassets in Resources */,
				C74052552D6AE2940051E229 /* Assets.xcassets in Resources */,
			);
			runOnlyForDeploymentPostprocessing = 0;
		};
/* End PBXResourcesBuildPhase section */

/* Begin PBXSourcesBuildPhase section */
		C74052492D6AE2930051E229 /* Sources */ = {
			isa = PBXSourcesBuildPhase;
			buildActionMask = 2147483647;
			files = (
				C7B24F292D6BF95200649242 /* ExampleRowView.swift in Sources */,
				C7E53EB12D6C3ED900451DA7 /* SoundManager.swift in Sources */,
				C74052722D6B07160051E229 /* ExplorerViewModel.swift in Sources */,
				C740527B2D6B20F50051E229 /* MeaningsView.swift in Sources */,
				C74052682D6AE7A50051E229 /* PreviewData.swift in Sources */,
				C74E5B0F2D6C523E002C01A2 /* DiscoverView.swift in Sources */,
				C7B24F272D6BF43A00649242 /* SectionContainer.swift in Sources */,
				C740527D2D6B21FF0051E229 /* PhoneticRowView.swift in Sources */,
				C74052772D6B0A050051E229 /* View.swift in Sources */,
				C7B24F2F2D6C025800649242 /* WordDataService.swift in Sources */,
				C7E53EB32D6C49C300451DA7 /* MainTabView.swift in Sources */,
				C7B24F2B2D6BFBCE00649242 /* ExamplesView.swift in Sources */,
				C74052532D6AE2930051E229 /* ContentView.swift in Sources */,
				C74052662D6AE7770051E229 /* Word.swift in Sources */,
				C74052792D6B15610051E229 /* WordDetailsView.swift in Sources */,
				C74E5B112D6C5501002C01A2 /* DiscoverViewModel.swift in Sources */,
				C7B24F242D6BF08D00649242 /* WordRowView.swift in Sources */,
				C74052512D6AE2930051E229 /* WordlyApp.swift in Sources */,
				C74052622D6AE5C00051E229 /* ExplorerView.swift in Sources */,
			);
			runOnlyForDeploymentPostprocessing = 0;
		};
/* End PBXSourcesBuildPhase section */

/* Begin XCBuildConfiguration section */
		C74052592D6AE2940051E229 /* Debug */ = {
			isa = XCBuildConfiguration;
			buildSettings = {
				ALWAYS_SEARCH_USER_PATHS = NO;
				ASSETCATALOG_COMPILER_GENERATE_SWIFT_ASSET_SYMBOL_EXTENSIONS = YES;
				CLANG_ANALYZER_NONNULL = YES;
				CLANG_ANALYZER_NUMBER_OBJECT_CONVERSION = YES_AGGRESSIVE;
				CLANG_CXX_LANGUAGE_STANDARD = "gnu++20";
				CLANG_ENABLE_MODULES = YES;
				CLANG_ENABLE_OBJC_ARC = YES;
				CLANG_ENABLE_OBJC_WEAK = YES;
				CLANG_WARN_BLOCK_CAPTURE_AUTORELEASING = YES;
				CLANG_WARN_BOOL_CONVERSION = YES;
				CLANG_WARN_COMMA = YES;
				CLANG_WARN_CONSTANT_CONVERSION = YES;
				CLANG_WARN_DEPRECATED_OBJC_IMPLEMENTATIONS = YES;
				CLANG_WARN_DIRECT_OBJC_ISA_USAGE = YES_ERROR;
				CLANG_WARN_DOCUMENTATION_COMMENTS = YES;
				CLANG_WARN_EMPTY_BODY = YES;
				CLANG_WARN_ENUM_CONVERSION = YES;
				CLANG_WARN_INFINITE_RECURSION = YES;
				CLANG_WARN_INT_CONVERSION = YES;
				CLANG_WARN_NON_LITERAL_NULL_CONVERSION = YES;
				CLANG_WARN_OBJC_IMPLICIT_RETAIN_SELF = YES;
				CLANG_WARN_OBJC_LITERAL_CONVERSION = YES;
				CLANG_WARN_OBJC_ROOT_CLASS = YES_ERROR;
				CLANG_WARN_QUOTED_INCLUDE_IN_FRAMEWORK_HEADER = YES;
				CLANG_WARN_RANGE_LOOP_ANALYSIS = YES;
				CLANG_WARN_STRICT_PROTOTYPES = YES;
				CLANG_WARN_SUSPICIOUS_MOVE = YES;
				CLANG_WARN_UNGUARDED_AVAILABILITY = YES_AGGRESSIVE;
				CLANG_WARN_UNREACHABLE_CODE = YES;
				CLANG_WARN__DUPLICATE_METHOD_MATCH = YES;
				COPY_PHASE_STRIP = NO;
				DEBUG_INFORMATION_FORMAT = dwarf;
				ENABLE_STRICT_OBJC_MSGSEND = YES;
				ENABLE_TESTABILITY = YES;
				ENABLE_USER_SCRIPT_SANDBOXING = YES;
				GCC_C_LANGUAGE_STANDARD = gnu17;
				GCC_DYNAMIC_NO_PIC = NO;
				GCC_NO_COMMON_BLOCKS = YES;
				GCC_OPTIMIZATION_LEVEL = 0;
				GCC_PREPROCESSOR_DEFINITIONS = (
					"DEBUG=1",
					"$(inherited)",
				);
				GCC_WARN_64_TO_32_BIT_CONVERSION = YES;
				GCC_WARN_ABOUT_RETURN_TYPE = YES_ERROR;
				GCC_WARN_UNDECLARED_SELECTOR = YES;
				GCC_WARN_UNINITIALIZED_AUTOS = YES_AGGRESSIVE;
				GCC_WARN_UNUSED_FUNCTION = YES;
				GCC_WARN_UNUSED_VARIABLE = YES;
				IPHONEOS_DEPLOYMENT_TARGET = 17.2;
				LOCALIZATION_PREFERS_STRING_CATALOGS = YES;
				MTL_ENABLE_DEBUG_INFO = INCLUDE_SOURCE;
				MTL_FAST_MATH = YES;
				ONLY_ACTIVE_ARCH = YES;
				SDKROOT = iphoneos;
				SWIFT_ACTIVE_COMPILATION_CONDITIONS = "DEBUG $(inherited)";
				SWIFT_OPTIMIZATION_LEVEL = "-Onone";
			};
			name = Debug;
		};
		C740525A2D6AE2940051E229 /* Release */ = {
			isa = XCBuildConfiguration;
			buildSettings = {
				ALWAYS_SEARCH_USER_PATHS = NO;
				ASSETCATALOG_COMPILER_GENERATE_SWIFT_ASSET_SYMBOL_EXTENSIONS = YES;
				CLANG_ANALYZER_NONNULL = YES;
				CLANG_ANALYZER_NUMBER_OBJECT_CONVERSION = YES_AGGRESSIVE;
				CLANG_CXX_LANGUAGE_STANDARD = "gnu++20";
				CLANG_ENABLE_MODULES = YES;
				CLANG_ENABLE_OBJC_ARC = YES;
				CLANG_ENABLE_OBJC_WEAK = YES;
				CLANG_WARN_BLOCK_CAPTURE_AUTORELEASING = YES;
				CLANG_WARN_BOOL_CONVERSION = YES;
				CLANG_WARN_COMMA = YES;
				CLANG_WARN_CONSTANT_CONVERSION = YES;
				CLANG_WARN_DEPRECATED_OBJC_IMPLEMENTATIONS = YES;
				CLANG_WARN_DIRECT_OBJC_ISA_USAGE = YES_ERROR;
				CLANG_WARN_DOCUMENTATION_COMMENTS = YES;
				CLANG_WARN_EMPTY_BODY = YES;
				CLANG_WARN_ENUM_CONVERSION = YES;
				CLANG_WARN_INFINITE_RECURSION = YES;
				CLANG_WARN_INT_CONVERSION = YES;
				CLANG_WARN_NON_LITERAL_NULL_CONVERSION = YES;
				CLANG_WARN_OBJC_IMPLICIT_RETAIN_SELF = YES;
				CLANG_WARN_OBJC_LITERAL_CONVERSION = YES;
				CLANG_WARN_OBJC_ROOT_CLASS = YES_ERROR;
				CLANG_WARN_QUOTED_INCLUDE_IN_FRAMEWORK_HEADER = YES;
				CLANG_WARN_RANGE_LOOP_ANALYSIS = YES;
				CLANG_WARN_STRICT_PROTOTYPES = YES;
				CLANG_WARN_SUSPICIOUS_MOVE = YES;
				CLANG_WARN_UNGUARDED_AVAILABILITY = YES_AGGRESSIVE;
				CLANG_WARN_UNREACHABLE_CODE = YES;
				CLANG_WARN__DUPLICATE_METHOD_MATCH = YES;
				COPY_PHASE_STRIP = NO;
				DEBUG_INFORMATION_FORMAT = "dwarf-with-dsym";
				ENABLE_NS_ASSERTIONS = NO;
				ENABLE_STRICT_OBJC_MSGSEND = YES;
				ENABLE_USER_SCRIPT_SANDBOXING = YES;
				GCC_C_LANGUAGE_STANDARD = gnu17;
				GCC_NO_COMMON_BLOCKS = YES;
				GCC_WARN_64_TO_32_BIT_CONVERSION = YES;
				GCC_WARN_ABOUT_RETURN_TYPE = YES_ERROR;
				GCC_WARN_UNDECLARED_SELECTOR = YES;
				GCC_WARN_UNINITIALIZED_AUTOS = YES_AGGRESSIVE;
				GCC_WARN_UNUSED_FUNCTION = YES;
				GCC_WARN_UNUSED_VARIABLE = YES;
				IPHONEOS_DEPLOYMENT_TARGET = 17.2;
				LOCALIZATION_PREFERS_STRING_CATALOGS = YES;
				MTL_ENABLE_DEBUG_INFO = NO;
				MTL_FAST_MATH = YES;
				SDKROOT = iphoneos;
				SWIFT_COMPILATION_MODE = wholemodule;
				VALIDATE_PRODUCT = YES;
			};
			name = Release;
		};
		C740525C2D6AE2940051E229 /* Debug */ = {
			isa = XCBuildConfiguration;
			buildSettings = {
				ASSETCATALOG_COMPILER_APPICON_NAME = AppIcon;
				ASSETCATALOG_COMPILER_GLOBAL_ACCENT_COLOR_NAME = AccentColor;
				CODE_SIGN_STYLE = Automatic;
				CURRENT_PROJECT_VERSION = 1;
				DEVELOPMENT_ASSET_PATHS = "\"Wordly/Preview Content\"";
				DEVELOPMENT_TEAM = 2ZSN5QWX2S;
				ENABLE_PREVIEWS = YES;
				GENERATE_INFOPLIST_FILE = YES;
				INFOPLIST_KEY_UIApplicationSceneManifest_Generation = YES;
				INFOPLIST_KEY_UIApplicationSupportsIndirectInputEvents = YES;
				INFOPLIST_KEY_UILaunchScreen_Generation = YES;
				INFOPLIST_KEY_UISupportedInterfaceOrientations_iPad = "UIInterfaceOrientationPortrait UIInterfaceOrientationPortraitUpsideDown UIInterfaceOrientationLandscapeLeft UIInterfaceOrientationLandscapeRight";
				INFOPLIST_KEY_UISupportedInterfaceOrientations_iPhone = "UIInterfaceOrientationPortrait UIInterfaceOrientationLandscapeLeft UIInterfaceOrientationLandscapeRight";
				IPHONEOS_DEPLOYMENT_TARGET = 17.0;
				LD_RUNPATH_SEARCH_PATHS = (
					"$(inherited)",
					"@executable_path/Frameworks",
				);
				MARKETING_VERSION = 1.0;
				PRODUCT_BUNDLE_IDENTIFIER = com.ivansaul.Wordly;
				PRODUCT_NAME = "$(TARGET_NAME)";
				SWIFT_EMIT_LOC_STRINGS = YES;
				SWIFT_VERSION = 5.0;
				TARGETED_DEVICE_FAMILY = "1,2";
			};
			name = Debug;
		};
		C740525D2D6AE2940051E229 /* Release */ = {
			isa = XCBuildConfiguration;
			buildSettings = {
				ASSETCATALOG_COMPILER_APPICON_NAME = AppIcon;
				ASSETCATALOG_COMPILER_GLOBAL_ACCENT_COLOR_NAME = AccentColor;
				CODE_SIGN_STYLE = Automatic;
				CURRENT_PROJECT_VERSION = 1;
				DEVELOPMENT_ASSET_PATHS = "\"Wordly/Preview Content\"";
				DEVELOPMENT_TEAM = 2ZSN5QWX2S;
				ENABLE_PREVIEWS = YES;
				GENERATE_INFOPLIST_FILE = YES;
				INFOPLIST_KEY_UIApplicationSceneManifest_Generation = YES;
				INFOPLIST_KEY_UIApplicationSupportsIndirectInputEvents = YES;
				INFOPLIST_KEY_UILaunchScreen_Generation = YES;
				INFOPLIST_KEY_UISupportedInterfaceOrientations_iPad = "UIInterfaceOrientationPortrait UIInterfaceOrientationPortraitUpsideDown UIInterfaceOrientationLandscapeLeft UIInterfaceOrientationLandscapeRight";
				INFOPLIST_KEY_UISupportedInterfaceOrientations_iPhone = "UIInterfaceOrientationPortrait UIInterfaceOrientationLandscapeLeft UIInterfaceOrientationLandscapeRight";
				IPHONEOS_DEPLOYMENT_TARGET = 17.0;
				LD_RUNPATH_SEARCH_PATHS = (
					"$(inherited)",
					"@executable_path/Frameworks",
				);
				MARKETING_VERSION = 1.0;
				PRODUCT_BUNDLE_IDENTIFIER = com.ivansaul.Wordly;
				PRODUCT_NAME = "$(TARGET_NAME)";
				SWIFT_EMIT_LOC_STRINGS = YES;
				SWIFT_VERSION = 5.0;
				TARGETED_DEVICE_FAMILY = "1,2";
			};
			name = Release;
		};
/* End XCBuildConfiguration section */

/* Begin XCConfigurationList section */
		C74052482D6AE2930051E229 /* Build configuration list for PBXProject "Wordly" */ = {
			isa = XCConfigurationList;
			buildConfigurations = (
				C74052592D6AE2940051E229 /* Debug */,
				C740525A2D6AE2940051E229 /* Release */,
			);
			defaultConfigurationIsVisible = 0;
			defaultConfigurationName = Release;
		};
		C740525B2D6AE2940051E229 /* Build configuration list for PBXNativeTarget "Wordly" */ = {
			isa = XCConfigurationList;
			buildConfigurations = (
				C740525C2D6AE2940051E229 /* Debug */,
				C740525D2D6AE2940051E229 /* Release */,
			);
			defaultConfigurationIsVisible = 0;
			defaultConfigurationName = Release;
		};
/* End XCConfigurationList section */

/* Begin XCRemoteSwiftPackageReference section */
		C74052732D6B08640051E229 /* XCRemoteSwiftPackageReference "Factory" */ = {
			isa = XCRemoteSwiftPackageReference;
			repositoryURL = "https://github.com/hmlongco/Factory";
			requirement = {
				kind = exactVersion;
				version = 2.3.2;
			};
		};
		C7B24F302D6C03AF00649242 /* XCRemoteSwiftPackageReference "swift-async-algorithms" */ = {
			isa = XCRemoteSwiftPackageReference;
			repositoryURL = "https://github.com/apple/swift-async-algorithms.git";
			requirement = {
				kind = upToNextMajorVersion;
				minimumVersion = 1.0.3;
			};
		};
/* End XCRemoteSwiftPackageReference section */

/* Begin XCSwiftPackageProductDependency section */
		C74052742D6B08640051E229 /* Factory */ = {
			isa = XCSwiftPackageProductDependency;
			package = C74052732D6B08640051E229 /* XCRemoteSwiftPackageReference "Factory" */;
			productName = Factory;
		};
		C7B24F312D6C03AF00649242 /* AsyncAlgorithms */ = {
			isa = XCSwiftPackageProductDependency;
			package = C7B24F302D6C03AF00649242 /* XCRemoteSwiftPackageReference "swift-async-algorithms" */;
			productName = AsyncAlgorithms;
		};
/* End XCSwiftPackageProductDependency section */
	};
	rootObject = C74052452D6AE2930051E229 /* Project object */;
}
